
Microsoft Visual Studio Solution File, Format Version 12.00
# Visual Studio Version 17
VisualStudioVersion = 17.2.32616.157
MinimumVisualStudioVersion = 10.0.40219.1
Project("{FAE04EC0-301F-11D3-BF4B-00C04F79EFBC}") = "WebAPI111", "WebAPI111\WebAPI111.csproj", "{A0874859-CD04-4008-9E64-7BBA52A7A9D3}"
EndProject
Global
	GlobalSection(SolutionConfigurationPlatforms) = preSolution
		Debug|Any CPU = Debug|Any CPU
		Release|Any CPU = Release|Any CPU
	EndGlobalSection
	GlobalSection(ProjectConfigurationPlatforms) = postSolution
		{A0874859-CD04-4008-9E64-7BBA52A7A9D3}.Debug|Any CPU.ActiveCfg = Debug|Any CPU
		{A0874859-CD04-4008-9E64-7BBA52A7A9D3}.Debug|Any CPU.Build.0 = Debug|Any CPU
		{A0874859-CD04-4008-9E64-7BBA52A7A9D3}.Release|Any CPU.ActiveCfg = Release|Any CPU
		{A0874859-CD04-4008-9E64-7BBA52A7A9D3}.Release|Any CPU.Build.0 = Release|Any CPU
	EndGlobalSection
	GlobalSection(SolutionProperties) = preSolution
		HideSolutionNode = FALSE
	EndGlobalSection
	GlobalSection(ExtensibilityGlobals) = postSolution
		SolutionGuid = {221BEF45-95CD-4F43-8E10-5311640B54D1}
	EndGlobalSection
EndGlobal
